
Microsoft Visual Studio Solution File, Format Version 12.00
# Visual Studio 15
VisualStudioVersion = 15.0.26124.0
MinimumVisualStudioVersion = 15.0.26124.0
Project("{FAE04EC0-301F-11D3-BF4B-00C04F79EFBC}") = "Domain", "Domain\Domain.csproj", "{997E8E6B-379D-441D-9325-6A5602BCCD59}"
EndProject
Project("{FAE04EC0-301F-11D3-BF4B-00C04F79EFBC}") = "Application", "Application\Application.csproj", "{AE262A20-4DDC-4FA2-B59B-DFB529A2FCD1}"
EndProject
Project("{FAE04EC0-301F-11D3-BF4B-00C04F79EFBC}") = "Persistence", "Persistence\Persistence.csproj", "{8932B878-EC7B-4B8A-BC65-2D042813A4AD}"
EndProject
Project("{FAE04EC0-301F-11D3-BF4B-00C04F79EFBC}") = "API", "API\API.csproj", "{C70DAAAF-F80E-4562-87A8-99800CF0D83E}"
EndProject
Global
	GlobalSection(SolutionConfigurationPlatforms) = preSolution
		Debug|Any CPU = Debug|Any CPU
		Debug|x64 = Debug|x64
		Debug|x86 = Debug|x86
		Release|Any CPU = Release|Any CPU
		Release|x64 = Release|x64
		Release|x86 = Release|x86
	EndGlobalSection
	GlobalSection(SolutionProperties) = preSolution
		HideSolutionNode = FALSE
	EndGlobalSection
	GlobalSection(ProjectConfigurationPlatforms) = postSolution
		{997E8E6B-379D-441D-9325-6A5602BCCD59}.Debug|Any CPU.ActiveCfg = Debug|Any CPU
		{997E8E6B-379D-441D-9325-6A5602BCCD59}.Debug|Any CPU.Build.0 = Debug|Any CPU
		{997E8E6B-379D-441D-9325-6A5602BCCD59}.Debug|x64.ActiveCfg = Debug|Any CPU
		{997E8E6B-379D-441D-9325-6A5602BCCD59}.Debug|x64.Build.0 = Debug|Any CPU
		{997E8E6B-379D-441D-9325-6A5602BCCD59}.Debug|x86.ActiveCfg = Debug|Any CPU
		{997E8E6B-379D-441D-9325-6A5602BCCD59}.Debug|x86.Build.0 = Debug|Any CPU
		{997E8E6B-379D-441D-9325-6A5602BCCD59}.Release|Any CPU.ActiveCfg = Release|Any CPU
		{997E8E6B-379D-441D-9325-6A5602BCCD59}.Release|Any CPU.Build.0 = Release|Any CPU
		{997E8E6B-379D-441D-9325-6A5602BCCD59}.Release|x64.ActiveCfg = Release|Any CPU
		{997E8E6B-379D-441D-9325-6A5602BCCD59}.Release|x64.Build.0 = Release|Any CPU
		{997E8E6B-379D-441D-9325-6A5602BCCD59}.Release|x86.ActiveCfg = Release|Any CPU
		{997E8E6B-379D-441D-9325-6A5602BCCD59}.Release|x86.Build.0 = Release|Any CPU
		{AE262A20-4DDC-4FA2-B59B-DFB529A2FCD1}.Debug|Any CPU.ActiveCfg = Debug|Any CPU
		{AE262A20-4DDC-4FA2-B59B-DFB529A2FCD1}.Debug|Any CPU.Build.0 = Debug|Any CPU
		{AE262A20-4DDC-4FA2-B59B-DFB529A2FCD1}.Debug|x64.ActiveCfg = Debug|Any CPU
		{AE262A20-4DDC-4FA2-B59B-DFB529A2FCD1}.Debug|x64.Build.0 = Debug|Any CPU
		{AE262A20-4DDC-4FA2-B59B-DFB529A2FCD1}.Debug|x86.ActiveCfg = Debug|Any CPU
		{AE262A20-4DDC-4FA2-B59B-DFB529A2FCD1}.Debug|x86.Build.0 = Debug|Any CPU
		{AE262A20-4DDC-4FA2-B59B-DFB529A2FCD1}.Release|Any CPU.ActiveCfg = Release|Any CPU
		{AE262A20-4DDC-4FA2-B59B-DFB529A2FCD1}.Release|Any CPU.Build.0 = Release|Any CPU
		{AE262A20-4DDC-4FA2-B59B-DFB529A2FCD1}.Release|x64.ActiveCfg = Release|Any CPU
		{AE262A20-4DDC-4FA2-B59B-DFB529A2FCD1}.Release|x64.Build.0 = Release|Any CPU
		{AE262A20-4DDC-4FA2-B59B-DFB529A2FCD1}.Release|x86.ActiveCfg = Release|Any CPU
		{AE262A20-4DDC-4FA2-B59B-DFB529A2FCD1}.Release|x86.Build.0 = Release|Any CPU
		{8932B878-EC7B-4B8A-BC65-2D042813A4AD}.Debug|Any CPU.ActiveCfg = Debug|Any CPU
		{8932B878-EC7B-4B8A-BC65-2D042813A4AD}.Debug|Any CPU.Build.0 = Debug|Any CPU
		{8932B878-EC7B-4B8A-BC65-2D042813A4AD}.Debug|x64.ActiveCfg = Debug|Any CPU
		{8932B878-EC7B-4B8A-BC65-2D042813A4AD}.Debug|x64.Build.0 = Debug|Any CPU
		{8932B878-EC7B-4B8A-BC65-2D042813A4AD}.Debug|x86.ActiveCfg = Debug|Any CPU
		{8932B878-EC7B-4B8A-BC65-2D042813A4AD}.Debug|x86.Build.0 = Debug|Any CPU
		{8932B878-EC7B-4B8A-BC65-2D042813A4AD}.Release|Any CPU.ActiveCfg = Release|Any CPU
		{8932B878-EC7B-4B8A-BC65-2D042813A4AD}.Release|Any CPU.Build.0 = Release|Any CPU
		{8932B878-EC7B-4B8A-BC65-2D042813A4AD}.Release|x64.ActiveCfg = Release|Any CPU
		{8932B878-EC7B-4B8A-BC65-2D042813A4AD}.Release|x64.Build.0 = Release|Any CPU
		{8932B878-EC7B-4B8A-BC65-2D042813A4AD}.Release|x86.ActiveCfg = Release|Any CPU
		{8932B878-EC7B-4B8A-BC65-2D042813A4AD}.Release|x86.Build.0 = Release|Any CPU
		{C70DAAAF-F80E-4562-87A8-99800CF0D83E}.Debug|Any CPU.ActiveCfg = Debug|Any CPU
		{C70DAAAF-F80E-4562-87A8-99800CF0D83E}.Debug|Any CPU.Build.0 = Debug|Any CPU
		{C70DAAAF-F80E-4562-87A8-99800CF0D83E}.Debug|x64.ActiveCfg = Debug|Any CPU
		{C70DAAAF-F80E-4562-87A8-99800CF0D83E}.Debug|x64.Build.0 = Debug|Any CPU
		{C70DAAAF-F80E-4562-87A8-99800CF0D83E}.Debug|x86.ActiveCfg = Debug|Any CPU
		{C70DAAAF-F80E-4562-87A8-99800CF0D83E}.Debug|x86.Build.0 = Debug|Any CPU
		{C70DAAAF-F80E-4562-87A8-99800CF0D83E}.Release|Any CPU.ActiveCfg = Release|Any CPU
		{C70DAAAF-F80E-4562-87A8-99800CF0D83E}.Release|Any CPU.Build.0 = Release|Any CPU
		{C70DAAAF-F80E-4562-87A8-99800CF0D83E}.Release|x64.ActiveCfg = Release|Any CPU
		{C70DAAAF-F80E-4562-87A8-99800CF0D83E}.Release|x64.Build.0 = Release|Any CPU
		{C70DAAAF-F80E-4562-87A8-99800CF0D83E}.Release|x86.ActiveCfg = Release|Any CPU
		{C70DAAAF-F80E-4562-87A8-99800CF0D83E}.Release|x86.Build.0 = Release|Any CPU
	EndGlobalSection
EndGlobal
